
Microsoft Visual Studio Solution File, Format Version 12.00
# Visual Studio Version 16
VisualStudioVersion = 16.0.28803.452
MinimumVisualStudioVersion = 10.0.40219.1
Project("{F184B08F-C81C-45F6-A57F-5ABD9991F28F}") = "Aplicacion_Academia", "Aplicacion_Academia\Aplicacion_Academia.vbproj", "{D20AC2FD-D280-46D2-A2CA-1B22B2F54C3F}"
EndProject
Project("{F184B08F-C81C-45F6-A57F-5ABD9991F28F}") = "Libreria", "Libreria\Libreria.vbproj", "{2F530BB8-D25F-4359-9096-96DA176B94A6}"
EndProject
Global
	GlobalSection(SolutionConfigurationPlatforms) = preSolution
		Debug|Any CPU = Debug|Any CPU
		Release|Any CPU = Release|Any CPU
	EndGlobalSection
	GlobalSection(ProjectConfigurationPlatforms) = postSolution
		{D20AC2FD-D280-46D2-A2CA-1B22B2F54C3F}.Debug|Any CPU.ActiveCfg = Debug|Any CPU
		{D20AC2FD-D280-46D2-A2CA-1B22B2F54C3F}.Debug|Any CPU.Build.0 = Debug|Any CPU
		{D20AC2FD-D280-46D2-A2CA-1B22B2F54C3F}.Release|Any CPU.ActiveCfg = Release|Any CPU
		{D20AC2FD-D280-46D2-A2CA-1B22B2F54C3F}.Release|Any CPU.Build.0 = Release|Any CPU
		{2F530BB8-D25F-4359-9096-96DA176B94A6}.Debug|Any CPU.ActiveCfg = Debug|Any CPU
		{2F530BB8-D25F-4359-9096-96DA176B94A6}.Debug|Any CPU.Build.0 = Debug|Any CPU
		{2F530BB8-D25F-4359-9096-96DA176B94A6}.Release|Any CPU.ActiveCfg = Release|Any CPU
		{2F530BB8-D25F-4359-9096-96DA176B94A6}.Release|Any CPU.Build.0 = Release|Any CPU
	EndGlobalSection
	GlobalSection(SolutionProperties) = preSolution
		HideSolutionNode = FALSE
	EndGlobalSection
	GlobalSection(ExtensibilityGlobals) = postSolution
		SolutionGuid = {B21E691D-253D-44BA-A8F4-EDF4D0F755B0}
	EndGlobalSection
EndGlobal
